{
  "version": 4,
  "terraform_version": "1.14.3",
  "serial": 21,
  "lineage": "62f25f47-fd3b-81ff-d9b5-fe7512f75e08",
  "outputs": {
    "host_ids": {
      "value": [
        "zczqh91-comp0235-ns/zczqh91-host-03d9a27b9a"
      ],
      "type": [
        "tuple",
        [
          "string"
        ]
      ]
    },
    "host_ips": {
      "value": [
        "10.134.12.72"
      ],
      "type": [
        "tuple",
        [
          "string"
        ]
      ]
    },
    "worker_ids": {
      "value": [
        "zczqh91-comp0235-ns/zczqh91-worker-01-03d9a27b9a",
        "zczqh91-comp0235-ns/zczqh91-worker-02-03d9a27b9a",
        "zczqh91-comp0235-ns/zczqh91-worker-03-03d9a27b9a",
        "zczqh91-comp0235-ns/zczqh91-worker-04-03d9a27b9a"
      ],
      "type": [
        "tuple",
        [
          "string",
          "string",
          "string",
          "string"
        ]
      ]
    },
    "worker_ips": {
      "value": [
        "10.134.12.74",
        "10.134.12.69",
        "10.134.12.70",
        "10.134.12.71"
      ],
      "type": [
        "tuple",
        [
          "string",
          "string",
          "string",
          "string"
        ]
      ]
    }
  },
  "resources": [
    {
      "mode": "data",
      "type": "harvester_image",
      "name": "img",
      "provider": "provider[\"registry.terraform.io/harvester/harvester\"]",
      "instances": [
        {
          "schema_version": 0,
          "attributes": {
            "description": "",
            "display_name": "AlmaLinux-9-GenericCloud-9.6-20250522",
            "id": "harvester-public/image-cmbbz",
            "message": "",
            "name": "image-cmbbz",
            "namespace": "harvester-public",
            "progress": 100,
            "pvc_name": "",
            "pvc_namespace": "",
            "size": 530776064,
            "source_type": "upload",
            "state": "Active",
            "storage_class_name": "harvester-longhorn",
            "storage_class_parameters": {
              "migratable": "true",
              "numberOfReplicas": "3",
              "staleReplicaTimeout": "30"
            },
            "tags": {},
            "url": "",
            "volume_storage_class_name": "longhorn-image-cmbbz"
          },
          "sensitive_attributes": [],
          "identity_schema_version": 0
        }
      ]
    },
    {
      "mode": "data",
      "type": "harvester_ssh_key",
      "name": "mysshkey",
      "provider": "provider[\"registry.terraform.io/harvester/harvester\"]",
      "instances": [
        {
          "schema_version": 0,
          "attributes": {
            "description": "key pair in win system",
            "fingerprint": "fc:35:08:5e:e4:de:b6:f7:32:01:9b:82:0f:c5:81:6b",
            "id": "zczqh91-comp0235-ns/comp0235-win",
            "message": null,
            "name": "comp0235-win",
            "namespace": "zczqh91-comp0235-ns",
            "public_key": "ssh-ed25519 AAAAC3NzaC1lZDI1NTE5AAAAIPyiA6ND5OkJKanNNeh6wUqDDxEAVovtJ4Nul4Y0Zs+I",
            "state": "Validated",
            "tags": {}
          },
          "sensitive_attributes": [],
          "identity_schema_version": 0
        }
      ]
    },
    {
      "mode": "managed",
      "type": "harvester_cloudinit_secret",
      "name": "cloud-config",
      "provider": "provider[\"registry.terraform.io/harvester/harvester\"]",
      "instances": [
        {
          "schema_version": 0,
          "attributes": {
            "description": "",
            "id": "zczqh91-comp0235-ns/cloud-config-03d9a27b9a",
            "message": null,
            "name": "cloud-config-03d9a27b9a",
            "namespace": "zczqh91-comp0235-ns",
            "network_data": null,
            "network_data_base64": "",
            "state": null,
            "tags": {},
            "timeouts": null,
            "user_data": "#cloud-config\nbootcmd:\n  - [ dnf, config-manager, --set-enabled, crb ]\n  - [ dnf, install, -y, epel-release ]\n\nssh_authorized_keys:\n  - ssh-ed25519 AAAAC3NzaC1lZDI1NTE5AAAAIPyiA6ND5OkJKanNNeh6wUqDDxEAVovtJ4Nul4Y0Zs+I\n",
            "user_data_base64": ""
          },
          "sensitive_attributes": [],
          "identity_schema_version": 0,
          "private": "eyJlMmJmYjczMC1lY2FhLTExZTYtOGY4OC0zNDM2M2JjN2M0YzAiOnsiY3JlYXRlIjoxMjAwMDAwMDAwMDAsImRlZmF1bHQiOjEyMDAwMDAwMDAwMCwiZGVsZXRlIjoxMjAwMDAwMDAwMDAsInJlYWQiOjEyMDAwMDAwMDAwMCwidXBkYXRlIjoxMjAwMDAwMDAwMDB9fQ==",
          "dependencies": [
            "data.harvester_ssh_key.mysshkey",
            "random_id.secret"
          ]
        }
      ]
    },
    {
      "mode": "managed",
      "type": "harvester_virtualmachine",
      "name": "host",
      "provider": "provider[\"registry.terraform.io/harvester/harvester\"]",
      "instances": [
        {
          "index_key": 0,
          "schema_version": 0,
          "attributes": {
            "cloudinit": [
              {
                "network_data": "",
                "network_data_base64": "",
                "network_data_secret_name": "",
                "type": "noCloud",
                "user_data": "",
                "user_data_base64": "",
                "user_data_secret_name": "cloud-config-03d9a27b9a"
              }
            ],
            "cpu": 4,
            "description": "Base VM",
            "disk": [
              {
                "access_mode": "ReadWriteMany",
                "auto_delete": true,
                "boot_order": 1,
                "bus": "virtio",
                "container_image_name": "",
                "existing_volume_name": "",
                "hot_plug": false,
                "image": "harvester-public/image-cmbbz",
                "name": "rootdisk",
                "size": "10Gi",
                "storage_class_name": "longhorn-image-cmbbz",
                "type": "disk",
                "volume_mode": "Block",
                "volume_name": "zczqh91-host-03d9a27b9a-rootdisk-fxkkg"
              }
            ],
            "efi": true,
            "hostname": "zczqh91-host-03d9a27b9a",
            "id": "zczqh91-comp0235-ns/zczqh91-host-03d9a27b9a",
            "input": [],
            "machine_type": "q35",
            "memory": "8Gi",
            "message": null,
            "name": "zczqh91-host-03d9a27b9a",
            "namespace": "zczqh91-comp0235-ns",
            "network_interface": [
              {
                "interface_name": "eth0",
                "ip_address": "10.134.12.72",
                "mac_address": "",
                "model": "virtio",
                "name": "nic-1",
                "network_name": "zczqh91-comp0235-ns/ds4eng",
                "type": "bridge",
                "wait_for_lease": true
              }
            ],
            "node_name": "sl-p02-19",
            "reserved_memory": "100Mi",
            "restart_after_update": true,
            "run_strategy": "RerunOnFailure",
            "secure_boot": true,
            "ssh_keys": [],
            "start": null,
            "state": "Ready",
            "tags": {
              "condenser.ingress.isEnabled": "true",
              "condenser.ingress.rabbit.hostname": "rabbit-zczqh91",
              "condenser.ingress.rabbit.port": "15672"
            },
            "timeouts": {
              "create": "20m",
              "default": null,
              "delete": "20m",
              "read": null,
              "update": "20m"
            },
            "tpm": []
          },
          "sensitive_attributes": [],
          "identity_schema_version": 0,
          "private": "eyJlMmJmYjczMC1lY2FhLTExZTYtOGY4OC0zNDM2M2JjN2M0YzAiOnsiY3JlYXRlIjoxMjAwMDAwMDAwMDAwLCJkZWZhdWx0IjoxMjAwMDAwMDAwMDAsImRlbGV0ZSI6MTIwMDAwMDAwMDAwMCwicmVhZCI6MTIwMDAwMDAwMDAwLCJ1cGRhdGUiOjEyMDAwMDAwMDAwMDB9fQ==",
          "dependencies": [
            "data.harvester_image.img",
            "data.harvester_ssh_key.mysshkey",
            "harvester_cloudinit_secret.cloud-config",
            "random_id.secret"
          ]
        }
      ]
    },
    {
      "mode": "managed",
      "type": "harvester_virtualmachine",
      "name": "worker",
      "provider": "provider[\"registry.terraform.io/harvester/harvester\"]",
      "instances": [
        {
          "index_key": 0,
          "schema_version": 0,
          "attributes": {
            "cloudinit": [
              {
                "network_data": "",
                "network_data_base64": "",
                "network_data_secret_name": "",
                "type": "noCloud",
                "user_data": "",
                "user_data_base64": "",
                "user_data_secret_name": "cloud-config-03d9a27b9a"
              }
            ],
            "cpu": 4,
            "description": "Base VM",
            "disk": [
              {
                "access_mode": "ReadWriteMany",
                "auto_delete": true,
                "boot_order": 1,
                "bus": "virtio",
                "container_image_name": "",
                "existing_volume_name": "",
                "hot_plug": false,
                "image": "harvester-public/image-cmbbz",
                "name": "rootdisk",
                "size": "150Gi",
                "storage_class_name": "longhorn-image-cmbbz",
                "type": "disk",
                "volume_mode": "Block",
                "volume_name": "zczqh91-worker-01-03d9a27b9a-rootdisk-wh25r"
              }
            ],
            "efi": true,
            "hostname": "zczqh91-worker-01-03d9a27b9a",
            "id": "zczqh91-comp0235-ns/zczqh91-worker-01-03d9a27b9a",
            "input": [],
            "machine_type": "q35",
            "memory": "32Gi",
            "message": null,
            "name": "zczqh91-worker-01-03d9a27b9a",
            "namespace": "zczqh91-comp0235-ns",
            "network_interface": [
              {
                "interface_name": "eth0",
                "ip_address": "10.134.12.74",
                "mac_address": "",
                "model": "virtio",
                "name": "nic-1",
                "network_name": "zczqh91-comp0235-ns/ds4eng",
                "type": "bridge",
                "wait_for_lease": true
              }
            ],
            "node_name": "sl-p02-09",
            "reserved_memory": "100Mi",
            "restart_after_update": true,
            "run_strategy": "RerunOnFailure",
            "secure_boot": true,
            "ssh_keys": [],
            "start": null,
            "state": "Ready",
            "tags": {},
            "timeouts": {
              "create": "20m",
              "default": null,
              "delete": "20m",
              "read": null,
              "update": "20m"
            },
            "tpm": []
          },
          "sensitive_attributes": [],
          "identity_schema_version": 0,
          "private": "eyJlMmJmYjczMC1lY2FhLTExZTYtOGY4OC0zNDM2M2JjN2M0YzAiOnsiY3JlYXRlIjoxMjAwMDAwMDAwMDAwLCJkZWZhdWx0IjoxMjAwMDAwMDAwMDAsImRlbGV0ZSI6MTIwMDAwMDAwMDAwMCwicmVhZCI6MTIwMDAwMDAwMDAwLCJ1cGRhdGUiOjEyMDAwMDAwMDAwMDB9fQ==",
          "dependencies": [
            "data.harvester_image.img",
            "data.harvester_ssh_key.mysshkey",
            "harvester_cloudinit_secret.cloud-config",
            "random_id.secret"
          ]
        },
        {
          "index_key": 1,
          "schema_version": 0,
          "attributes": {
            "cloudinit": [
              {
                "network_data": "",
                "network_data_base64": "",
                "network_data_secret_name": "",
                "type": "noCloud",
                "user_data": "",
                "user_data_base64": "",
                "user_data_secret_name": "cloud-config-03d9a27b9a"
              }
            ],
            "cpu": 4,
            "description": "Base VM",
            "disk": [
              {
                "access_mode": "ReadWriteMany",
                "auto_delete": true,
                "boot_order": 1,
                "bus": "virtio",
                "container_image_name": "",
                "existing_volume_name": "",
                "hot_plug": false,
                "image": "harvester-public/image-cmbbz",
                "name": "rootdisk",
                "size": "150Gi",
                "storage_class_name": "longhorn-image-cmbbz",
                "type": "disk",
                "volume_mode": "Block",
                "volume_name": "zczqh91-worker-02-03d9a27b9a-rootdisk-57bjj"
              }
            ],
            "efi": true,
            "hostname": "zczqh91-worker-02-03d9a27b9a",
            "id": "zczqh91-comp0235-ns/zczqh91-worker-02-03d9a27b9a",
            "input": [],
            "machine_type": "q35",
            "memory": "32Gi",
            "message": null,
            "name": "zczqh91-worker-02-03d9a27b9a",
            "namespace": "zczqh91-comp0235-ns",
            "network_interface": [
              {
                "interface_name": "eth0",
                "ip_address": "10.134.12.69",
                "mac_address": "",
                "model": "virtio",
                "name": "nic-1",
                "network_name": "zczqh91-comp0235-ns/ds4eng",
                "type": "bridge",
                "wait_for_lease": true
              }
            ],
            "node_name": "sl-p02-06",
            "reserved_memory": "100Mi",
            "restart_after_update": true,
            "run_strategy": "RerunOnFailure",
            "secure_boot": true,
            "ssh_keys": [],
            "start": null,
            "state": "Ready",
            "tags": {},
            "timeouts": {
              "create": "20m",
              "default": null,
              "delete": "20m",
              "read": null,
              "update": "20m"
            },
            "tpm": []
          },
          "sensitive_attributes": [],
          "identity_schema_version": 0,
          "private": "eyJlMmJmYjczMC1lY2FhLTExZTYtOGY4OC0zNDM2M2JjN2M0YzAiOnsiY3JlYXRlIjoxMjAwMDAwMDAwMDAwLCJkZWZhdWx0IjoxMjAwMDAwMDAwMDAsImRlbGV0ZSI6MTIwMDAwMDAwMDAwMCwicmVhZCI6MTIwMDAwMDAwMDAwLCJ1cGRhdGUiOjEyMDAwMDAwMDAwMDB9fQ==",
          "dependencies": [
            "data.harvester_image.img",
            "data.harvester_ssh_key.mysshkey",
            "harvester_cloudinit_secret.cloud-config",
            "random_id.secret"
          ]
        },
        {
          "index_key": 2,
          "schema_version": 0,
          "attributes": {
            "cloudinit": [
              {
                "network_data": "",
                "network_data_base64": "",
                "network_data_secret_name": "",
                "type": "noCloud",
                "user_data": "",
                "user_data_base64": "",
                "user_data_secret_name": "cloud-config-03d9a27b9a"
              }
            ],
            "cpu": 4,
            "description": "Base VM",
            "disk": [
              {
                "access_mode": "ReadWriteMany",
                "auto_delete": true,
                "boot_order": 1,
                "bus": "virtio",
                "container_image_name": "",
                "existing_volume_name": "",
                "hot_plug": false,
                "image": "harvester-public/image-cmbbz",
                "name": "rootdisk",
                "size": "150Gi",
                "storage_class_name": "longhorn-image-cmbbz",
                "type": "disk",
                "volume_mode": "Block",
                "volume_name": "zczqh91-worker-03-03d9a27b9a-rootdisk-mdzjw"
              }
            ],
            "efi": true,
            "hostname": "zczqh91-worker-03-03d9a27b9a",
            "id": "zczqh91-comp0235-ns/zczqh91-worker-03-03d9a27b9a",
            "input": [],
            "machine_type": "q35",
            "memory": "32Gi",
            "message": null,
            "name": "zczqh91-worker-03-03d9a27b9a",
            "namespace": "zczqh91-comp0235-ns",
            "network_interface": [
              {
                "interface_name": "eth0",
                "ip_address": "10.134.12.70",
                "mac_address": "",
                "model": "virtio",
                "name": "nic-1",
                "network_name": "zczqh91-comp0235-ns/ds4eng",
                "type": "bridge",
                "wait_for_lease": true
              }
            ],
            "node_name": "sl-p02-07",
            "reserved_memory": "100Mi",
            "restart_after_update": true,
            "run_strategy": "RerunOnFailure",
            "secure_boot": true,
            "ssh_keys": [],
            "start": null,
            "state": "Ready",
            "tags": {},
            "timeouts": {
              "create": "20m",
              "default": null,
              "delete": "20m",
              "read": null,
              "update": "20m"
            },
            "tpm": []
          },
          "sensitive_attributes": [],
          "identity_schema_version": 0,
          "private": "eyJlMmJmYjczMC1lY2FhLTExZTYtOGY4OC0zNDM2M2JjN2M0YzAiOnsiY3JlYXRlIjoxMjAwMDAwMDAwMDAwLCJkZWZhdWx0IjoxMjAwMDAwMDAwMDAsImRlbGV0ZSI6MTIwMDAwMDAwMDAwMCwicmVhZCI6MTIwMDAwMDAwMDAwLCJ1cGRhdGUiOjEyMDAwMDAwMDAwMDB9fQ==",
          "dependencies": [
            "data.harvester_image.img",
            "data.harvester_ssh_key.mysshkey",
            "harvester_cloudinit_secret.cloud-config",
            "random_id.secret"
          ]
        },
        {
          "index_key": 3,
          "schema_version": 0,
          "attributes": {
            "cloudinit": [
              {
                "network_data": "",
                "network_data_base64": "",
                "network_data_secret_name": "",
                "type": "noCloud",
                "user_data": "",
                "user_data_base64": "",
                "user_data_secret_name": "cloud-config-03d9a27b9a"
              }
            ],
            "cpu": 4,
            "description": "Base VM",
            "disk": [
              {
                "access_mode": "ReadWriteMany",
                "auto_delete": true,
                "boot_order": 1,
                "bus": "virtio",
                "container_image_name": "",
                "existing_volume_name": "",
                "hot_plug": false,
                "image": "harvester-public/image-cmbbz",
                "name": "rootdisk",
                "size": "150Gi",
                "storage_class_name": "longhorn-image-cmbbz",
                "type": "disk",
                "volume_mode": "Block",
                "volume_name": "zczqh91-worker-04-03d9a27b9a-rootdisk-jbqmw"
              }
            ],
            "efi": true,
            "hostname": "zczqh91-worker-04-03d9a27b9a",
            "id": "zczqh91-comp0235-ns/zczqh91-worker-04-03d9a27b9a",
            "input": [],
            "machine_type": "q35",
            "memory": "32Gi",
            "message": null,
            "name": "zczqh91-worker-04-03d9a27b9a",
            "namespace": "zczqh91-comp0235-ns",
            "network_interface": [
              {
                "interface_name": "eth0",
                "ip_address": "10.134.12.71",
                "mac_address": "",
                "model": "virtio",
                "name": "nic-1",
                "network_name": "zczqh91-comp0235-ns/ds4eng",
                "type": "bridge",
                "wait_for_lease": true
              }
            ],
            "node_name": "sl-p02-14",
            "reserved_memory": "100Mi",
            "restart_after_update": true,
            "run_strategy": "RerunOnFailure",
            "secure_boot": true,
            "ssh_keys": [],
            "start": null,
            "state": "Ready",
            "tags": {},
            "timeouts": {
              "create": "20m",
              "default": null,
              "delete": "20m",
              "read": null,
              "update": "20m"
            },
            "tpm": []
          },
          "sensitive_attributes": [],
          "identity_schema_version": 0,
          "private": "eyJlMmJmYjczMC1lY2FhLTExZTYtOGY4OC0zNDM2M2JjN2M0YzAiOnsiY3JlYXRlIjoxMjAwMDAwMDAwMDAwLCJkZWZhdWx0IjoxMjAwMDAwMDAwMDAsImRlbGV0ZSI6MTIwMDAwMDAwMDAwMCwicmVhZCI6MTIwMDAwMDAwMDAwLCJ1cGRhdGUiOjEyMDAwMDAwMDAwMDB9fQ==",
          "dependencies": [
            "data.harvester_image.img",
            "data.harvester_ssh_key.mysshkey",
            "harvester_cloudinit_secret.cloud-config",
            "random_id.secret"
          ]
        }
      ]
    },
    {
      "mode": "managed",
      "type": "random_id",
      "name": "secret",
      "provider": "provider[\"registry.terraform.io/hashicorp/random\"]",
      "instances": [
        {
          "schema_version": 0,
          "attributes": {
            "b64_std": "A9mie5o=",
            "b64_url": "A9mie5o",
            "byte_length": 5,
            "dec": "16536206234",
            "hex": "03d9a27b9a",
            "id": "A9mie5o",
            "keepers": null,
            "prefix": null
          },
          "sensitive_attributes": [],
          "identity_schema_version": 0
        }
      ]
    }
  ],
  "check_results": null
}
